
Microsoft Visual Studio Solution File, Format Version 12.00
# Visual Studio Version 16
VisualStudioVersion = 16.0.32802.440
MinimumVisualStudioVersion = 10.0.40219.1
Project("{FAE04EC0-301F-11D3-BF4B-00C04F79EFBC}") = "I_Sail.UWP", "I_Sail.UWP\I_Sail.UWP.csproj", "{3C6C49AE-8DD5-4DC8-A0F1-25C5D5E4E979}"
EndProject
Project("{FAE04EC0-301F-11D3-BF4B-00C04F79EFBC}") = "I_Sail.Android", "I_Sail.Android\I_Sail.Android.csproj", "{3785E54B-B579-495D-B5DD-B5BCBFE26AA2}"
EndProject
Project("{FAE04EC0-301F-11D3-BF4B-00C04F79EFBC}") = "I_Sail.iOS", "I_Sail.iOS\I_Sail.iOS.csproj", "{274C4E5D-9E74-4BD0-BA3A-6CA29F28911B}"
EndProject
Project("{FAE04EC0-301F-11D3-BF4B-00C04F79EFBC}") = "I_Sail", "I_Sail\I_Sail.csproj", "{4EB8140F-03C7-4AFD-898B-32B861CD02FF}"
EndProject
Global
	GlobalSection(SolutionConfigurationPlatforms) = preSolution
		Debug|Any CPU = Debug|Any CPU
		Debug|ARM = Debug|ARM
		Debug|iPhone = Debug|iPhone
		Debug|iPhoneSimulator = Debug|iPhoneSimulator
		Debug|x64 = Debug|x64
		Debug|x86 = Debug|x86
		Release|Any CPU = Release|Any CPU
		Release|ARM = Release|ARM
		Release|iPhone = Release|iPhone
		Release|iPhoneSimulator = Release|iPhoneSimulator
		Release|x64 = Release|x64
		Release|x86 = Release|x86
	EndGlobalSection
	GlobalSection(ProjectConfigurationPlatforms) = postSolution
		{3C6C49AE-8DD5-4DC8-A0F1-25C5D5E4E979}.Debug|Any CPU.ActiveCfg = Debug|x86
		{3C6C49AE-8DD5-4DC8-A0F1-25C5D5E4E979}.Debug|Any CPU.Build.0 = Debug|x86
		{3C6C49AE-8DD5-4DC8-A0F1-25C5D5E4E979}.Debug|Any CPU.Deploy.0 = Debug|x86
		{3C6C49AE-8DD5-4DC8-A0F1-25C5D5E4E979}.Debug|ARM.ActiveCfg = Debug|ARM
		{3C6C49AE-8DD5-4DC8-A0F1-25C5D5E4E979}.Debug|ARM.Build.0 = Debug|ARM
		{3C6C49AE-8DD5-4DC8-A0F1-25C5D5E4E979}.Debug|ARM.Deploy.0 = Debug|ARM
		{3C6C49AE-8DD5-4DC8-A0F1-25C5D5E4E979}.Debug|iPhone.ActiveCfg = Debug|x86
		{3C6C49AE-8DD5-4DC8-A0F1-25C5D5E4E979}.Debug|iPhone.Build.0 = Debug|x86
		{3C6C49AE-8DD5-4DC8-A0F1-25C5D5E4E979}.Debug|iPhone.Deploy.0 = Debug|x86
		{3C6C49AE-8DD5-4DC8-A0F1-25C5D5E4E979}.Debug|iPhoneSimulator.ActiveCfg = Debug|x86
		{3C6C49AE-8DD5-4DC8-A0F1-25C5D5E4E979}.Debug|iPhoneSimulator.Build.0 = Debug|x86
		{3C6C49AE-8DD5-4DC8-A0F1-25C5D5E4E979}.Debug|iPhoneSimulator.Deploy.0 = Debug|x86
		{3C6C49AE-8DD5-4DC8-A0F1-25C5D5E4E979}.Debug|x64.ActiveCfg = Debug|x64
		{3C6C49AE-8DD5-4DC8-A0F1-25C5D5E4E979}.Debug|x64.Build.0 = Debug|x64
		{3C6C49AE-8DD5-4DC8-A0F1-25C5D5E4E979}.Debug|x64.Deploy.0 = Debug|x64
		{3C6C49AE-8DD5-4DC8-A0F1-25C5D5E4E979}.Debug|x86.ActiveCfg = Debug|x86
		{3C6C49AE-8DD5-4DC8-A0F1-25C5D5E4E979}.Debug|x86.Build.0 = Debug|x86
		{3C6C49AE-8DD5-4DC8-A0F1-25C5D5E4E979}.Debug|x86.Deploy.0 = Debug|x86
		{3C6C49AE-8DD5-4DC8-A0F1-25C5D5E4E979}.Release|Any CPU.ActiveCfg = Release|x86
		{3C6C49AE-8DD5-4DC8-A0F1-25C5D5E4E979}.Release|Any CPU.Build.0 = Release|x86
		{3C6C49AE-8DD5-4DC8-A0F1-25C5D5E4E979}.Release|Any CPU.Deploy.0 = Release|x86
		{3C6C49AE-8DD5-4DC8-A0F1-25C5D5E4E979}.Release|ARM.ActiveCfg = Release|ARM
		{3C6C49AE-8DD5-4DC8-A0F1-25C5D5E4E979}.Release|ARM.Build.0 = Release|ARM
		{3C6C49AE-8DD5-4DC8-A0F1-25C5D5E4E979}.Release|ARM.Deploy.0 = Release|ARM
		{3C6C49AE-8DD5-4DC8-A0F1-25C5D5E4E979}.Release|iPhone.ActiveCfg = Release|x86
		{3C6C49AE-8DD5-4DC8-A0F1-25C5D5E4E979}.Release|iPhone.Build.0 = Release|x86
		{3C6C49AE-8DD5-4DC8-A0F1-25C5D5E4E979}.Release|iPhone.Deploy.0 = Release|x86
		{3C6C49AE-8DD5-4DC8-A0F1-25C5D5E4E979}.Release|iPhoneSimulator.ActiveCfg = Release|x86
		{3C6C49AE-8DD5-4DC8-A0F1-25C5D5E4E979}.Release|iPhoneSimulator.Build.0 = Release|x86
		{3C6C49AE-8DD5-4DC8-A0F1-25C5D5E4E979}.Release|iPhoneSimulator.Deploy.0 = Release|x86
		{3C6C49AE-8DD5-4DC8-A0F1-25C5D5E4E979}.Release|x64.ActiveCfg = Release|x64
		{3C6C49AE-8DD5-4DC8-A0F1-25C5D5E4E979}.Release|x64.Build.0 = Release|x64
		{3C6C49AE-8DD5-4DC8-A0F1-25C5D5E4E979}.Release|x64.Deploy.0 = Release|x64
		{3C6C49AE-8DD5-4DC8-A0F1-25C5D5E4E979}.Release|x86.ActiveCfg = Release|x86
		{3C6C49AE-8DD5-4DC8-A0F1-25C5D5E4E979}.Release|x86.Build.0 = Release|x86
		{3C6C49AE-8DD5-4DC8-A0F1-25C5D5E4E979}.Release|x86.Deploy.0 = Release|x86
		{3785E54B-B579-495D-B5DD-B5BCBFE26AA2}.Debug|Any CPU.ActiveCfg = Debug|Any CPU
		{3785E54B-B579-495D-B5DD-B5BCBFE26AA2}.Debug|Any CPU.Build.0 = Debug|Any CPU
		{3785E54B-B579-495D-B5DD-B5BCBFE26AA2}.Debug|Any CPU.Deploy.0 = Debug|Any CPU
		{3785E54B-B579-495D-B5DD-B5BCBFE26AA2}.Debug|ARM.ActiveCfg = Debug|Any CPU
		{3785E54B-B579-495D-B5DD-B5BCBFE26AA2}.Debug|ARM.Build.0 = Debug|Any CPU
		{3785E54B-B579-495D-B5DD-B5BCBFE26AA2}.Debug|ARM.Deploy.0 = Debug|Any CPU
		{3785E54B-B579-495D-B5DD-B5BCBFE26AA2}.Debug|iPhone.ActiveCfg = Debug|Any CPU
		{3785E54B-B579-495D-B5DD-B5BCBFE26AA2}.Debug|iPhone.Build.0 = Debug|Any CPU
		{3785E54B-B579-495D-B5DD-B5BCBFE26AA2}.Debug|iPhone.Deploy.0 = Debug|Any CPU
		{3785E54B-B579-495D-B5DD-B5BCBFE26AA2}.Debug|iPhoneSimulator.ActiveCfg = Debug|Any CPU
		{3785E54B-B579-495D-B5DD-B5BCBFE26AA2}.Debug|iPhoneSimulator.Build.0 = Debug|Any CPU
		{3785E54B-B579-495D-B5DD-B5BCBFE26AA2}.Debug|iPhoneSimulator.Deploy.0 = Debug|Any CPU
		{3785E54B-B579-495D-B5DD-B5BCBFE26AA2}.Debug|x64.ActiveCfg = Debug|Any CPU
		{3785E54B-B579-495D-B5DD-B5BCBFE26AA2}.Debug|x64.Build.0 = Debug|Any CPU
		{3785E54B-B579-495D-B5DD-B5BCBFE26AA2}.Debug|x64.Deploy.0 = Debug|Any CPU
		{3785E54B-B579-495D-B5DD-B5BCBFE26AA2}.Debug|x86.ActiveCfg = Debug|Any CPU
		{3785E54B-B579-495D-B5DD-B5BCBFE26AA2}.Debug|x86.Build.0 = Debug|Any CPU
		{3785E54B-B579-495D-B5DD-B5BCBFE26AA2}.Debug|x86.Deploy.0 = Debug|Any CPU
		{3785E54B-B579-495D-B5DD-B5BCBFE26AA2}.Release|Any CPU.ActiveCfg = Release|Any CPU
		{3785E54B-B579-495D-B5DD-B5BCBFE26AA2}.Release|Any CPU.Build.0 = Release|Any CPU
		{3785E54B-B579-495D-B5DD-B5BCBFE26AA2}.Release|Any CPU.Deploy.0 = Release|Any CPU
		{3785E54B-B579-495D-B5DD-B5BCBFE26AA2}.Release|ARM.ActiveCfg = Release|Any CPU
		{3785E54B-B579-495D-B5DD-B5BCBFE26AA2}.Release|ARM.Build.0 = Release|Any CPU
		{3785E54B-B579-495D-B5DD-B5BCBFE26AA2}.Release|ARM.Deploy.0 = Release|Any CPU
		{3785E54B-B579-495D-B5DD-B5BCBFE26AA2}.Release|iPhone.ActiveCfg = Release|Any CPU
		{3785E54B-B579-495D-B5DD-B5BCBFE26AA2}.Release|iPhone.Build.0 = Release|Any CPU
		{3785E54B-B579-495D-B5DD-B5BCBFE26AA2}.Release|iPhone.Deploy.0 = Release|Any CPU
		{3785E54B-B579-495D-B5DD-B5BCBFE26AA2}.Release|iPhoneSimulator.ActiveCfg = Release|Any CPU
		{3785E54B-B579-495D-B5DD-B5BCBFE26AA2}.Release|iPhoneSimulator.Build.0 = Release|Any CPU
		{3785E54B-B579-495D-B5DD-B5BCBFE26AA2}.Release|iPhoneSimulator.Deploy.0 = Release|Any CPU
		{3785E54B-B579-495D-B5DD-B5BCBFE26AA2}.Release|x64.ActiveCfg = Release|Any CPU
		{3785E54B-B579-495D-B5DD-B5BCBFE26AA2}.Release|x64.Build.0 = Release|Any CPU
		{3785E54B-B579-495D-B5DD-B5BCBFE26AA2}.Release|x64.Deploy.0 = Release|Any CPU
		{3785E54B-B579-495D-B5DD-B5BCBFE26AA2}.Release|x86.ActiveCfg = Release|Any CPU
		{3785E54B-B579-495D-B5DD-B5BCBFE26AA2}.Release|x86.Build.0 = Release|Any CPU
		{3785E54B-B579-495D-B5DD-B5BCBFE26AA2}.Release|x86.Deploy.0 = Release|Any CPU
		{274C4E5D-9E74-4BD0-BA3A-6CA29F28911B}.Debug|Any CPU.ActiveCfg = Debug|iPhoneSimulator
		{274C4E5D-9E74-4BD0-BA3A-6CA29F28911B}.Debug|Any CPU.Build.0 = Debug|iPhoneSimulator
		{274C4E5D-9E74-4BD0-BA3A-6CA29F28911B}.Debug|Any CPU.Deploy.0 = Debug|iPhoneSimulator
		{274C4E5D-9E74-4BD0-BA3A-6CA29F28911B}.Debug|ARM.ActiveCfg = Debug|iPhone
		{274C4E5D-9E74-4BD0-BA3A-6CA29F28911B}.Debug|ARM.Build.0 = Debug|iPhone
		{274C4E5D-9E74-4BD0-BA3A-6CA29F28911B}.Debug|ARM.Deploy.0 = Debug|iPhone
		{274C4E5D-9E74-4BD0-BA3A-6CA29F28911B}.Debug|iPhone.ActiveCfg = Debug|iPhone
		{274C4E5D-9E74-4BD0-BA3A-6CA29F28911B}.Debug|iPhone.Build.0 = Debug|iPhone
		{274C4E5D-9E74-4BD0-BA3A-6CA29F28911B}.Debug|iPhone.Deploy.0 = Debug|iPhone
		{274C4E5D-9E74-4BD0-BA3A-6CA29F28911B}.Debug|iPhoneSimulator.ActiveCfg = Debug|iPhoneSimulator
		{274C4E5D-9E74-4BD0-BA3A-6CA29F28911B}.Debug|iPhoneSimulator.Build.0 = Debug|iPhoneSimulator
		{274C4E5D-9E74-4BD0-BA3A-6CA29F28911B}.Debug|iPhoneSimulator.Deploy.0 = Debug|iPhoneSimulator
		{274C4E5D-9E74-4BD0-BA3A-6CA29F28911B}.Debug|x64.ActiveCfg = Debug|iPhoneSimulator
		{274C4E5D-9E74-4BD0-BA3A-6CA29F28911B}.Debug|x64.Build.0 = Debug|iPhoneSimulator
		{274C4E5D-9E74-4BD0-BA3A-6CA29F28911B}.Debug|x64.Deploy.0 = Debug|iPhoneSimulator
		{274C4E5D-9E74-4BD0-BA3A-6CA29F28911B}.Debug|x86.ActiveCfg = Debug|iPhoneSimulator
		{274C4E5D-9E74-4BD0-BA3A-6CA29F28911B}.Debug|x86.Build.0 = Debug|iPhoneSimulator
		{274C4E5D-9E74-4BD0-BA3A-6CA29F28911B}.Debug|x86.Deploy.0 = Debug|iPhoneSimulator
		{274C4E5D-9E74-4BD0-BA3A-6CA29F28911B}.Release|Any CPU.ActiveCfg = Release|iPhoneSimulator
		{274C4E5D-9E74-4BD0-BA3A-6CA29F28911B}.Release|Any CPU.Build.0 = Release|iPhoneSimulator
		{274C4E5D-9E74-4BD0-BA3A-6CA29F28911B}.Release|Any CPU.Deploy.0 = Release|iPhoneSimulator
		{274C4E5D-9E74-4BD0-BA3A-6CA29F28911B}.Release|ARM.ActiveCfg = Release|iPhoneSimulator
		{274C4E5D-9E74-4BD0-BA3A-6CA29F28911B}.Release|ARM.Build.0 = Release|iPhoneSimulator
		{274C4E5D-9E74-4BD0-BA3A-6CA29F28911B}.Release|ARM.Deploy.0 = Release|iPhoneSimulator
		{274C4E5D-9E74-4BD0-BA3A-6CA29F28911B}.Release|iPhone.ActiveCfg = Release|iPhone
		{274C4E5D-9E74-4BD0-BA3A-6CA29F28911B}.Release|iPhone.Build.0 = Release|iPhone
		{274C4E5D-9E74-4BD0-BA3A-6CA29F28911B}.Release|iPhone.Deploy.0 = Release|iPhone
		{274C4E5D-9E74-4BD0-BA3A-6CA29F28911B}.Release|iPhoneSimulator.ActiveCfg = Release|iPhoneSimulator
		{274C4E5D-9E74-4BD0-BA3A-6CA29F28911B}.Release|iPhoneSimulator.Build.0 = Release|iPhoneSimulator
		{274C4E5D-9E74-4BD0-BA3A-6CA29F28911B}.Release|iPhoneSimulator.Deploy.0 = Release|iPhoneSimulator
		{274C4E5D-9E74-4BD0-BA3A-6CA29F28911B}.Release|x64.ActiveCfg = Release|iPhoneSimulator
		{274C4E5D-9E74-4BD0-BA3A-6CA29F28911B}.Release|x64.Build.0 = Release|iPhoneSimulator
		{274C4E5D-9E74-4BD0-BA3A-6CA29F28911B}.Release|x64.Deploy.0 = Release|iPhoneSimulator
		{274C4E5D-9E74-4BD0-BA3A-6CA29F28911B}.Release|x86.ActiveCfg = Release|iPhoneSimulator
		{274C4E5D-9E74-4BD0-BA3A-6CA29F28911B}.Release|x86.Build.0 = Release|iPhoneSimulator
		{274C4E5D-9E74-4BD0-BA3A-6CA29F28911B}.Release|x86.Deploy.0 = Release|iPhoneSimulator
		{4EB8140F-03C7-4AFD-898B-32B861CD02FF}.Debug|Any CPU.ActiveCfg = Debug|Any CPU
		{4EB8140F-03C7-4AFD-898B-32B861CD02FF}.Debug|Any CPU.Build.0 = Debug|Any CPU
		{4EB8140F-03C7-4AFD-898B-32B861CD02FF}.Debug|Any CPU.Deploy.0 = Debug|Any CPU
		{4EB8140F-03C7-4AFD-898B-32B861CD02FF}.Debug|ARM.ActiveCfg = Debug|Any CPU
		{4EB8140F-03C7-4AFD-898B-32B861CD02FF}.Debug|ARM.Build.0 = Debug|Any CPU
		{4EB8140F-03C7-4AFD-898B-32B861CD02FF}.Debug|ARM.Deploy.0 = Debug|Any CPU
		{4EB8140F-03C7-4AFD-898B-32B861CD02FF}.Debug|iPhone.ActiveCfg = Debug|Any CPU
		{4EB8140F-03C7-4AFD-898B-32B861CD02FF}.Debug|iPhone.Build.0 = Debug|Any CPU
		{4EB8140F-03C7-4AFD-898B-32B861CD02FF}.Debug|iPhone.Deploy.0 = Debug|Any CPU
		{4EB8140F-03C7-4AFD-898B-32B861CD02FF}.Debug|iPhoneSimulator.ActiveCfg = Debug|Any CPU
		{4EB8140F-03C7-4AFD-898B-32B861CD02FF}.Debug|iPhoneSimulator.Build.0 = Debug|Any CPU
		{4EB8140F-03C7-4AFD-898B-32B861CD02FF}.Debug|iPhoneSimulator.Deploy.0 = Debug|Any CPU
		{4EB8140F-03C7-4AFD-898B-32B861CD02FF}.Debug|x64.ActiveCfg = Debug|Any CPU
		{4EB8140F-03C7-4AFD-898B-32B861CD02FF}.Debug|x64.Build.0 = Debug|Any CPU
		{4EB8140F-03C7-4AFD-898B-32B861CD02FF}.Debug|x64.Deploy.0 = Debug|Any CPU
		{4EB8140F-03C7-4AFD-898B-32B861CD02FF}.Debug|x86.ActiveCfg = Debug|Any CPU
		{4EB8140F-03C7-4AFD-898B-32B861CD02FF}.Debug|x86.Build.0 = Debug|Any CPU
		{4EB8140F-03C7-4AFD-898B-32B861CD02FF}.Debug|x86.Deploy.0 = Debug|Any CPU
		{4EB8140F-03C7-4AFD-898B-32B861CD02FF}.Release|Any CPU.ActiveCfg = Release|Any CPU
		{4EB8140F-03C7-4AFD-898B-32B861CD02FF}.Release|Any CPU.Build.0 = Release|Any CPU
		{4EB8140F-03C7-4AFD-898B-32B861CD02FF}.Release|Any CPU.Deploy.0 = Release|Any CPU
		{4EB8140F-03C7-4AFD-898B-32B861CD02FF}.Release|ARM.ActiveCfg = Release|Any CPU
		{4EB8140F-03C7-4AFD-898B-32B861CD02FF}.Release|ARM.Build.0 = Release|Any CPU
		{4EB8140F-03C7-4AFD-898B-32B861CD02FF}.Release|ARM.Deploy.0 = Release|Any CPU
		{4EB8140F-03C7-4AFD-898B-32B861CD02FF}.Release|iPhone.ActiveCfg = Release|Any CPU
		{4EB8140F-03C7-4AFD-898B-32B861CD02FF}.Release|iPhone.Build.0 = Release|Any CPU
		{4EB8140F-03C7-4AFD-898B-32B861CD02FF}.Release|iPhone.Deploy.0 = Release|Any CPU
		{4EB8140F-03C7-4AFD-898B-32B861CD02FF}.Release|iPhoneSimulator.ActiveCfg = Release|Any CPU
		{4EB8140F-03C7-4AFD-898B-32B861CD02FF}.Release|iPhoneSimulator.Build.0 = Release|Any CPU
		{4EB8140F-03C7-4AFD-898B-32B861CD02FF}.Release|iPhoneSimulator.Deploy.0 = Release|Any CPU
		{4EB8140F-03C7-4AFD-898B-32B861CD02FF}.Release|x64.ActiveCfg = Release|Any CPU
		{4EB8140F-03C7-4AFD-898B-32B861CD02FF}.Release|x64.Build.0 = Release|Any CPU
		{4EB8140F-03C7-4AFD-898B-32B861CD02FF}.Release|x64.Deploy.0 = Release|Any CPU
		{4EB8140F-03C7-4AFD-898B-32B861CD02FF}.Release|x86.ActiveCfg = Release|Any CPU
		{4EB8140F-03C7-4AFD-898B-32B861CD02FF}.Release|x86.Build.0 = Release|Any CPU
		{4EB8140F-03C7-4AFD-898B-32B861CD02FF}.Release|x86.Deploy.0 = Release|Any CPU
	EndGlobalSection
	GlobalSection(SolutionProperties) = preSolution
		HideSolutionNode = FALSE
	EndGlobalSection
	GlobalSection(ExtensibilityGlobals) = postSolution
		SolutionGuid = {94F8FE3C-6896-43AA-B979-E510BE004B69}
	EndGlobalSection
EndGlobal
